{
  "name": "cleanway-skeleton",
  "version": "0.0.0",
  "lockfileVersion": 2,
  "requires": true,
  "packages": {
    "": {
      "name": "cleanway-skeleton",
      "version": "0.0.0",
      "devDependencies": {
        "@raccoons-co/cleanway": "^0.1.1",
        "typescript": "^4.9.5"
      }
    },
    "node_modules/@raccoons-co/cleanway": {
      "version": "0.1.1",
      "resolved": "https://registry.npmjs.org/@raccoons-co/cleanway/-/cleanway-0.1.1.tgz",
      "integrity": "sha512-LUhCb8n/73U/2lhOn76cJjTeS924+9aSH/qQJkOgk7XYTyOE63ZvMn6TI9q3VhocsUcs5hVHumG5Yj9dN/4FCQ==",
      "dev": true,
      "engines": {
        "node": ">=16.x"
      }
    },
    "node_modules/typescript": {
      "version": "4.9.5",
      "resolved": "https://registry.npmjs.org/typescript/-/typescript-4.9.5.tgz",
      "integrity": "sha512-1FXk9E2Hm+QzZQ7z+McJiHL4NW1F2EzMu9Nq9i3zAaGqibafqYwCVU6WyWAuyQRRzOlxou8xZSyXLEN8oKj24g==",
      "dev": true,
      "bin": {
        "tsc": "bin/tsc",
        "tsserver": "bin/tsserver"
      },
      "engines": {
        "node": ">=4.2.0"
      }
    }
  },
  "dependencies": {
    "@raccoons-co/cleanway": {
      "version": "0.1.1",
      "resolved": "https://registry.npmjs.org/@raccoons-co/cleanway/-/cleanway-0.1.1.tgz",
      "integrity": "sha512-LUhCb8n/73U/2lhOn76cJjTeS924+9aSH/qQJkOgk7XYTyOE63ZvMn6TI9q3VhocsUcs5hVHumG5Yj9dN/4FCQ==",
      "dev": true
    },
    "typescript": {
      "version": "4.9.5",
      "resolved": "https://registry.npmjs.org/typescript/-/typescript-4.9.5.tgz",
      "integrity": "sha512-1FXk9E2Hm+QzZQ7z+McJiHL4NW1F2EzMu9Nq9i3zAaGqibafqYwCVU6WyWAuyQRRzOlxou8xZSyXLEN8oKj24g==",
      "dev": true
    }
  }
}
